
Microsoft Visual Studio Solution File, Format Version 12.00
# Visual Studio 15
VisualStudioVersion = 15.0.27703.2042
MinimumVisualStudioVersion = 10.0.40219.1
Project("{FAE04EC0-301F-11D3-BF4B-00C04F79EFBC}") = "MoveCursorWindowless", "MoveCursorWindowless.csproj", "{53937E12-D128-4C85-AF9D-CB26FF448EA0}"
EndProject
Global
	GlobalSection(SolutionConfigurationPlatforms) = preSolution
		Debug|Any CPU = Debug|Any CPU
		Release|Any CPU = Release|Any CPU
	EndGlobalSection
	GlobalSection(ProjectConfigurationPlatforms) = postSolution
		{53937E12-D128-4C85-AF9D-CB26FF448EA0}.Debug|Any CPU.ActiveCfg = Debug|Any CPU
		{53937E12-D128-4C85-AF9D-CB26FF448EA0}.Debug|Any CPU.Build.0 = Debug|Any CPU
		{53937E12-D128-4C85-AF9D-CB26FF448EA0}.Release|Any CPU.ActiveCfg = Release|Any CPU
		{53937E12-D128-4C85-AF9D-CB26FF448EA0}.Release|Any CPU.Build.0 = Release|Any CPU
	EndGlobalSection
	GlobalSection(SolutionProperties) = preSolution
		HideSolutionNode = FALSE
	EndGlobalSection
	GlobalSection(ExtensibilityGlobals) = postSolution
		SolutionGuid = {4A67951B-EA3B-4130-A282-C17121542E09}
	EndGlobalSection
EndGlobal
